
Microsoft Visual Studio Solution File, Format Version 12.00
# Visual Studio Version 17
VisualStudioVersion = 17.14.36518.9 d17.14
MinimumVisualStudioVersion = 10.0.40219.1
Project("{FAE04EC0-301F-11D3-BF4B-00C04F79EFBC}") = "OneMatter", "OneMatter.csproj", "{230C0CFA-0C39-82D7-BF32-472FF89268CB}"
EndProject
Global
	GlobalSection(SolutionConfigurationPlatforms) = preSolution
		Debug|Any CPU = Debug|Any CPU
		Release|Any CPU = Release|Any CPU
	EndGlobalSection
	GlobalSection(ProjectConfigurationPlatforms) = postSolution
		{230C0CFA-0C39-82D7-BF32-472FF89268CB}.Debug|Any CPU.ActiveCfg = Debug|Any CPU
		{230C0CFA-0C39-82D7-BF32-472FF89268CB}.Debug|Any CPU.Build.0 = Debug|Any CPU
		{230C0CFA-0C39-82D7-BF32-472FF89268CB}.Release|Any CPU.ActiveCfg = Release|Any CPU
		{230C0CFA-0C39-82D7-BF32-472FF89268CB}.Release|Any CPU.Build.0 = Release|Any CPU
	EndGlobalSection
	GlobalSection(SolutionProperties) = preSolution
		HideSolutionNode = FALSE
	EndGlobalSection
	GlobalSection(ExtensibilityGlobals) = postSolution
		SolutionGuid = {A332160B-ADE1-4104-A246-3F733F07C6CD}
	EndGlobalSection
EndGlobal
